
Microsoft Visual Studio Solution File, Format Version 12.00
# Visual Studio Version 16
VisualStudioVersion = 16.0.30204.135
MinimumVisualStudioVersion = 10.0.40219.1
Project("{FAE04EC0-301F-11D3-BF4B-00C04F79EFBC}") = "MediaApi", "MediaApi\MediaApi.csproj", "{1009787D-2E2E-4932-B282-ED6030ED0B39}"
EndProject
Global
	GlobalSection(SolutionConfigurationPlatforms) = preSolution
		Debug|Any CPU = Debug|Any CPU
		Release|Any CPU = Release|Any CPU
	EndGlobalSection
	GlobalSection(ProjectConfigurationPlatforms) = postSolution
		{1009787D-2E2E-4932-B282-ED6030ED0B39}.Debug|Any CPU.ActiveCfg = Debug|Any CPU
		{1009787D-2E2E-4932-B282-ED6030ED0B39}.Debug|Any CPU.Build.0 = Debug|Any CPU
		{1009787D-2E2E-4932-B282-ED6030ED0B39}.Release|Any CPU.ActiveCfg = Release|Any CPU
		{1009787D-2E2E-4932-B282-ED6030ED0B39}.Release|Any CPU.Build.0 = Release|Any CPU
	EndGlobalSection
	GlobalSection(SolutionProperties) = preSolution
		HideSolutionNode = FALSE
	EndGlobalSection
	GlobalSection(ExtensibilityGlobals) = postSolution
		SolutionGuid = {7FC955A2-F931-4DE5-8F76-0B3BB6E6B18B}
	EndGlobalSection
EndGlobal
